// !$*UTF8*$!
{
	archiveVersion = 1;
	classes = {
	};
	objectVersion = 50;
	objects = {

/* Begin PBXBuildFile section */
		832767EA260A160B00B523F4 /* AppDelegate.swift in Sources */ = {isa = PBXBuildFile; fileRef = 832767E9260A160B00B523F4 /* AppDelegate.swift */; };
		832767EC260A160B00B523F4 /* SceneDelegate.swift in Sources */ = {isa = PBXBuildFile; fileRef = 832767EB260A160B00B523F4 /* SceneDelegate.swift */; };
		832767F1260A160B00B523F4 /* Main.storyboard in Resources */ = {isa = PBXBuildFile; fileRef = 832767EF260A160B00B523F4 /* Main.storyboard */; };
		832767F3260A160E00B523F4 /* Assets.xcassets in Resources */ = {isa = PBXBuildFile; fileRef = 832767F2260A160E00B523F4 /* Assets.xcassets */; };
		832767F6260A160E00B523F4 /* LaunchScreen.storyboard in Resources */ = {isa = PBXBuildFile; fileRef = 832767F4260A160E00B523F4 /* LaunchScreen.storyboard */; };
		832767FF260A2CAC00B523F4 /* EnterPasswordViewController.swift in Sources */ = {isa = PBXBuildFile; fileRef = 832767FE260A2CAC00B523F4 /* EnterPasswordViewController.swift */; };
/* End PBXBuildFile section */

/* Begin PBXFileReference section */
		832767E6260A160B00B523F4 /* LinePassword.app */ = {isa = PBXFileReference; explicitFileType = wrapper.application; includeInIndex = 0; path = LinePassword.app; sourceTree = BUILT_PRODUCTS_DIR; };
		832767E9260A160B00B523F4 /* AppDelegate.swift */ = {isa = PBXFileReference; lastKnownFileType = sourcecode.swift; path = AppDelegate.swift; sourceTree = "<group>"; };
		832767EB260A160B00B523F4 /* SceneDelegate.swift */ = {isa = PBXFileReference; lastKnownFileType = sourcecode.swift; path = SceneDelegate.swift; sourceTree = "<group>"; };
		832767F0260A160B00B523F4 /* Base */ = {isa = PBXFileReference; lastKnownFileType = file.storyboard; name = Base; path = Base.lproj/Main.storyboard; sourceTree = "<group>"; };
		832767F2260A160E00B523F4 /* Assets.xcassets */ = {isa = PBXFileReference; lastKnownFileType = folder.assetcatalog; path = Assets.xcassets; sourceTree = "<group>"; };
		832767F5260A160E00B523F4 /* Base */ = {isa = PBXFileReference; lastKnownFileType = file.storyboard; name = Base; path = Base.lproj/LaunchScreen.storyboard; sourceTree = "<group>"; };
		832767F7260A160E00B523F4 /* Info.plist */ = {isa = PBXFileReference; lastKnownFileType = text.plist.xml; path = Info.plist; sourceTree = "<group>"; };
		832767FE260A2CAC00B523F4 /* EnterPasswordViewController.swift */ = {isa = PBXFileReference; lastKnownFileType = sourcecode.swift; path = EnterPasswordViewController.swift; sourceTree = "<group>"; };
/* End PBXFileReference section */

/* Begin PBXFrameworksBuildPhase section */
		832767E3260A160B00B523F4 /* Frameworks */ = {
			isa = PBXFrameworksBuildPhase;
			buildActionMask = 2147483647;
			files = (
			);
			runOnlyForDeploymentPostprocessing = 0;
		};
/* End PBXFrameworksBuildPhase section */

/* Begin PBXGroup section */
		832767DD260A160B00B523F4 = {
			isa = PBXGroup;
			children = (
				832767E8260A160B00B523F4 /* LinePassword */,
				832767E7260A160B00B523F4 /* Products */,
			);
			sourceTree = "<group>";
		};
		832767E7260A160B00B523F4 /* Products */ = {
			isa = PBXGroup;
			children = (
				832767E6260A160B00B523F4 /* LinePassword.app */,
			);
			name = Products;
			sourceTree = "<group>";
		};
		832767E8260A160B00B523F4 /* LinePassword */ = {
			isa = PBXGroup;
			children = (
				832767E9260A160B00B523F4 /* AppDelegate.swift */,
				832767EB260A160B00B523F4 /* SceneDelegate.swift */,
				832767EF260A160B00B523F4 /* Main.storyboard */,
				832767FE260A2CAC00B523F4 /* EnterPasswordViewController.swift */,
				832767F2260A160E00B523F4 /* Assets.xcassets */,
				832767F4260A160E00B523F4 /* LaunchScreen.storyboard */,
				832767F7260A160E00B523F4 /* Info.plist */,
			);
			path = LinePassword;
			sourceTree = "<group>";
		};
/* End PBXGroup section */

/* Begin PBXNativeTarget section */
		832767E5260A160B00B523F4 /* LinePassword */ = {
			isa = PBXNativeTarget;
			buildConfigurationList = 832767FA260A160E00B523F4 /* Build configuration list for PBXNativeTarget "LinePassword" */;
			buildPhases = (
				832767E2260A160B00B523F4 /* Sources */,
				832767E3260A160B00B523F4 /* Frameworks */,
				832767E4260A160B00B523F4 /* Resources */,
			);
			buildRules = (
			);
			dependencies = (
			);
			name = LinePassword;
			productName = LinePassword;
			productReference = 832767E6260A160B00B523F4 /* LinePassword.app */;
			productType = "com.apple.product-type.application";
		};
/* End PBXNativeTarget section */

/* Begin PBXProject section */
		832767DE260A160B00B523F4 /* Project object */ = {
			isa = PBXProject;
			attributes = {
				LastSwiftUpdateCheck = 1240;
				LastUpgradeCheck = 1240;
				TargetAttributes = {
					832767E5260A160B00B523F4 = {
						CreatedOnToolsVersion = 12.4;
					};
				};
			};
			buildConfigurationList = 832767E1260A160B00B523F4 /* Build configuration list for PBXProject "LinePassword" */;
			compatibilityVersion = "Xcode 9.3";
			developmentRegion = en;
			hasScannedForEncodings = 0;
			knownRegions = (
				en,
				Base,
			);
			mainGroup = 832767DD260A160B00B523F4;
			productRefGroup = 832767E7260A160B00B523F4 /* Products */;
			projectDirPath = "";
			projectRoot = "";
			targets = (
				832767E5260A160B00B523F4 /* LinePassword */,
			);
		};
/* End PBXProject section */

/* Begin PBXResourcesBuildPhase section */
		832767E4260A160B00B523F4 /* Resources */ = {
			isa = PBXResourcesBuildPhase;
			buildActionMask = 2147483647;
			files = (
				832767F6260A160E00B523F4 /* LaunchScreen.storyboard in Resources */,
				832767F3260A160E00B523F4 /* Assets.xcassets in Resources */,
				832767F1260A160B00B523F4 /* Main.storyboard in Resources */,
			);
			runOnlyForDeploymentPostprocessing = 0;
		};
/* End PBXResourcesBuildPhase section */

/* Begin PBXSourcesBuildPhase section */
		832767E2260A160B00B523F4 /* Sources */ = {
			isa = PBXSourcesBuildPhase;
			buildActionMask = 2147483647;
			files = (
				832767FF260A2CAC00B523F4 /* EnterPasswordViewController.swift in Sources */,
				832767EA260A160B00B523F4 /* AppDelegate.swift in Sources */,
				832767EC260A160B00B523F4 /* SceneDelegate.swift in Sources */,
			);
			runOnlyForDeploymentPostprocessing = 0;
		};
/* End PBXSourcesBuildPhase section */

/* Begin PBXVariantGroup section */
		832767EF260A160B00B523F4 /* Main.storyboard */ = {
			isa = PBXVariantGroup;
			children = (
				832767F0260A160B00B523F4 /* Base */,
			);
			name = Main.storyboard;
			sourceTree = "<group>";
		};
		832767F4260A160E00B523F4 /* LaunchScreen.storyboard */ = {
			isa = PBXVariantGroup;
			children = (
				832767F5260A160E00B523F4 /* Base */,
			);
			name = LaunchScreen.storyboard;
			sourceTree = "<group>";
		};
/* End PBXVariantGroup section */

/* Begin XCBuildConfiguration section */
		832767F8260A160E00B523F4 /* Debug */ = {
			isa = XCBuildConfiguration;
			buildSettings = {
				ALWAYS_SEARCH_USER_PATHS = NO;
				CLANG_ANALYZER_NONNULL = YES;
				CLANG_ANALYZER_NUMBER_OBJECT_CONVERSION = YES_AGGRESSIVE;
				CLANG_CXX_LANGUAGE_STANDARD = "gnu++14";
				CLANG_CXX_LIBRARY = "libc++";
				CLANG_ENABLE_MODULES = YES;
				CLANG_ENABLE_OBJC_ARC = YES;
				CLANG_ENABLE_OBJC_WEAK = YES;
				CLANG_WARN_BLOCK_CAPTURE_AUTORELEASING = YES;
				CLANG_WARN_BOOL_CONVERSION = YES;
				CLANG_WARN_COMMA = YES;
				CLANG_WARN_CONSTANT_CONVERSION = YES;
				CLANG_WARN_DEPRECATED_OBJC_IMPLEMENTATIONS = YES;
				CLANG_WARN_DIRECT_OBJC_ISA_USAGE = YES_ERROR;
				CLANG_WARN_DOCUMENTATION_COMMENTS = YES;
				CLANG_WARN_EMPTY_BODY = YES;
				CLANG_WARN_ENUM_CONVERSION = YES;
				CLANG_WARN_INFINITE_RECURSION = YES;
				CLANG_WARN_INT_CONVERSION = YES;
				CLANG_WARN_NON_LITERAL_NULL_CONVERSION = YES;
				CLANG_WARN_OBJC_IMPLICIT_RETAIN_SELF = YES;
				CLANG_WARN_OBJC_LITERAL_CONVERSION = YES;
				CLANG_WARN_OBJC_ROOT_CLASS = YES_ERROR;
				CLANG_WARN_QUOTED_INCLUDE_IN_FRAMEWORK_HEADER = YES;
				CLANG_WARN_RANGE_LOOP_ANALYSIS = YES;
				CLANG_WARN_STRICT_PROTOTYPES = YES;
				CLANG_WARN_SUSPICIOUS_MOVE = YES;
				CLANG_WARN_UNGUARDED_AVAILABILITY = YES_AGGRESSIVE;
				CLANG_WARN_UNREACHABLE_CODE = YES;
				CLANG_WARN__DUPLICATE_METHOD_MATCH = YES;
				COPY_PHASE_STRIP = NO;
				DEBUG_INFORMATION_FORMAT = dwarf;
				ENABLE_STRICT_OBJC_MSGSEND = YES;
				ENABLE_TESTABILITY = YES;
				GCC_C_LANGUAGE_STANDARD = gnu11;
				GCC_DYNAMIC_NO_PIC = NO;
				GCC_NO_COMMON_BLOCKS = YES;
				GCC_OPTIMIZATION_LEVEL = 0;
				GCC_PREPROCESSOR_DEFINITIONS = (
					"DEBUG=1",
					"$(inherited)",
				);
				GCC_WARN_64_TO_32_BIT_CONVERSION = YES;
				GCC_WARN_ABOUT_RETURN_TYPE = YES_ERROR;
				GCC_WARN_UNDECLARED_SELECTOR = YES;
				GCC_WARN_UNINITIALIZED_AUTOS = YES_AGGRESSIVE;
				GCC_WARN_UNUSED_FUNCTION = YES;
				GCC_WARN_UNUSED_VARIABLE = YES;
				IPHONEOS_DEPLOYMENT_TARGET = 14.4;
				MTL_ENABLE_DEBUG_INFO = INCLUDE_SOURCE;
				MTL_FAST_MATH = YES;
				ONLY_ACTIVE_ARCH = YES;
				SDKROOT = iphoneos;
				SWIFT_ACTIVE_COMPILATION_CONDITIONS = DEBUG;
				SWIFT_OPTIMIZATION_LEVEL = "-Onone";
			};
			name = Debug;
		};
		832767F9260A160E00B523F4 /* Release */ = {
			isa = XCBuildConfiguration;
			buildSettings = {
				ALWAYS_SEARCH_USER_PATHS = NO;
				CLANG_ANALYZER_NONNULL = YES;
				CLANG_ANALYZER_NUMBER_OBJECT_CONVERSION = YES_AGGRESSIVE;
				CLANG_CXX_LANGUAGE_STANDARD = "gnu++14";
				CLANG_CXX_LIBRARY = "libc++";
				CLANG_ENABLE_MODULES = YES;
				CLANG_ENABLE_OBJC_ARC = YES;
				CLANG_ENABLE_OBJC_WEAK = YES;
				CLANG_WARN_BLOCK_CAPTURE_AUTORELEASING = YES;
				CLANG_WARN_BOOL_CONVERSION = YES;
				CLANG_WARN_COMMA = YES;
				CLANG_WARN_CONSTANT_CONVERSION = YES;
				CLANG_WARN_DEPRECATED_OBJC_IMPLEMENTATIONS = YES;
				CLANG_WARN_DIRECT_OBJC_ISA_USAGE = YES_ERROR;
				CLANG_WARN_DOCUMENTATION_COMMENTS = YES;
				CLANG_WARN_EMPTY_BODY = YES;
				CLANG_WARN_ENUM_CONVERSION = YES;
				CLANG_WARN_INFINITE_RECURSION = YES;
				CLANG_WARN_INT_CONVERSION = YES;
				CLANG_WARN_NON_LITERAL_NULL_CONVERSION = YES;
				CLANG_WARN_OBJC_IMPLICIT_RETAIN_SELF = YES;
				CLANG_WARN_OBJC_LITERAL_CONVERSION = YES;
				CLANG_WARN_OBJC_ROOT_CLASS = YES_ERROR;
				CLANG_WARN_QUOTED_INCLUDE_IN_FRAMEWORK_HEADER = YES;
				CLANG_WARN_RANGE_LOOP_ANALYSIS = YES;
				CLANG_WARN_STRICT_PROTOTYPES = YES;
				CLANG_WARN_SUSPICIOUS_MOVE = YES;
				CLANG_WARN_UNGUARDED_AVAILABILITY = YES_AGGRESSIVE;
				CLANG_WARN_UNREACHABLE_CODE = YES;
				CLANG_WARN__DUPLICATE_METHOD_MATCH = YES;
				COPY_PHASE_STRIP = NO;
				DEBUG_INFORMATION_FORMAT = "dwarf-with-dsym";
				ENABLE_NS_ASSERTIONS = NO;
				ENABLE_STRICT_OBJC_MSGSEND = YES;
				GCC_C_LANGUAGE_STANDARD = gnu11;
				GCC_NO_COMMON_BLOCKS = YES;
				GCC_WARN_64_TO_32_BIT_CONVERSION = YES;
				GCC_WARN_ABOUT_RETURN_TYPE = YES_ERROR;
				GCC_WARN_UNDECLARED_SELECTOR = YES;
				GCC_WARN_UNINITIALIZED_AUTOS = YES_AGGRESSIVE;
				GCC_WARN_UNUSED_FUNCTION = YES;
				GCC_WARN_UNUSED_VARIABLE = YES;
				IPHONEOS_DEPLOYMENT_TARGET = 14.4;
				MTL_ENABLE_DEBUG_INFO = NO;
				MTL_FAST_MATH = YES;
				SDKROOT = iphoneos;
				SWIFT_COMPILATION_MODE = wholemodule;
				SWIFT_OPTIMIZATION_LEVEL = "-O";
				VALIDATE_PRODUCT = YES;
			};
			name = Release;
		};
		832767FB260A160E00B523F4 /* Debug */ = {
			isa = XCBuildConfiguration;
			buildSettings = {
				ASSETCATALOG_COMPILER_APPICON_NAME = AppIcon;
				ASSETCATALOG_COMPILER_GLOBAL_ACCENT_COLOR_NAME = AccentColor;
				CODE_SIGN_STYLE = Automatic;
				DEVELOPMENT_TEAM = C4N9Z9736D;
				INFOPLIST_FILE = LinePassword/Info.plist;
				LD_RUNPATH_SEARCH_PATHS = (
					"$(inherited)",
					"@executable_path/Frameworks",
				);
				PRODUCT_BUNDLE_IDENTIFIER = chi.LinePassword;
				PRODUCT_NAME = "$(TARGET_NAME)";
				SWIFT_VERSION = 5.0;
				TARGETED_DEVICE_FAMILY = "1,2";
			};
			name = Debug;
		};
		832767FC260A160E00B523F4 /* Release */ = {
			isa = XCBuildConfiguration;
			buildSettings = {
				ASSETCATALOG_COMPILER_APPICON_NAME = AppIcon;
				ASSETCATALOG_COMPILER_GLOBAL_ACCENT_COLOR_NAME = AccentColor;
				CODE_SIGN_STYLE = Automatic;
				DEVELOPMENT_TEAM = C4N9Z9736D;
				INFOPLIST_FILE = LinePassword/Info.plist;
				LD_RUNPATH_SEARCH_PATHS = (
					"$(inherited)",
					"@executable_path/Frameworks",
				);
				PRODUCT_BUNDLE_IDENTIFIER = chi.LinePassword;
				PRODUCT_NAME = "$(TARGET_NAME)";
				SWIFT_VERSION = 5.0;
				TARGETED_DEVICE_FAMILY = "1,2";
			};
			name = Release;
		};
/* End XCBuildConfiguration section */

/* Begin XCConfigurationList section */
		832767E1260A160B00B523F4 /* Build configuration list for PBXProject "LinePassword" */ = {
			isa = XCConfigurationList;
			buildConfigurations = (
				832767F8260A160E00B523F4 /* Debug */,
				832767F9260A160E00B523F4 /* Release */,
			);
			defaultConfigurationIsVisible = 0;
			defaultConfigurationName = Release;
		};
		832767FA260A160E00B523F4 /* Build configuration list for PBXNativeTarget "LinePassword" */ = {
			isa = XCConfigurationList;
			buildConfigurations = (
				832767FB260A160E00B523F4 /* Debug */,
				832767FC260A160E00B523F4 /* Release */,
			);
			defaultConfigurationIsVisible = 0;
			defaultConfigurationName = Release;
		};
/* End XCConfigurationList section */
	};
	rootObject = 832767DE260A160B00B523F4 /* Project object */;
}
